// !$*UTF8*$!
{
	archiveVersion = 1;
	classes = {
	};
	objectVersion = 48;
	objects = {

/* Begin PBXBuildFile section */
		0891983F210800FD009159EA /* AppDelegate.swift in Sources */ = {isa = PBXBuildFile; fileRef = 0891983E210800FD009159EA /* AppDelegate.swift */; };
		08919841210800FD009159EA /* ViewController.swift in Sources */ = {isa = PBXBuildFile; fileRef = 08919840210800FD009159EA /* ViewController.swift */; };
		08919844210800FE009159EA /* Main.storyboard in Resources */ = {isa = PBXBuildFile; fileRef = 08919842210800FE009159EA /* Main.storyboard */; };
		08919846210800FE009159EA /* Assets.xcassets in Resources */ = {isa = PBXBuildFile; fileRef = 08919845210800FE009159EA /* Assets.xcassets */; };
		08919849210800FE009159EA /* LaunchScreen.storyboard in Resources */ = {isa = PBXBuildFile; fileRef = 08919847210800FE009159EA /* LaunchScreen.storyboard */; };
		08919854210800FE009159EA /* DouYuZBTests.swift in Sources */ = {isa = PBXBuildFile; fileRef = 08919853210800FE009159EA /* DouYuZBTests.swift */; };
		0891985F210800FE009159EA /* DouYuZBUITests.swift in Sources */ = {isa = PBXBuildFile; fileRef = 0891985E210800FE009159EA /* DouYuZBUITests.swift */; };
/* End PBXBuildFile section */

/* Begin PBXContainerItemProxy section */
		08919850210800FE009159EA /* PBXContainerItemProxy */ = {
			isa = PBXContainerItemProxy;
			containerPortal = 08919833210800FD009159EA /* Project object */;
			proxyType = 1;
			remoteGlobalIDString = 0891983A210800FD009159EA;
			remoteInfo = DouYuZB;
		};
		0891985B210800FE009159EA /* PBXContainerItemProxy */ = {
			isa = PBXContainerItemProxy;
			containerPortal = 08919833210800FD009159EA /* Project object */;
			proxyType = 1;
			remoteGlobalIDString = 0891983A210800FD009159EA;
			remoteInfo = DouYuZB;
		};
/* End PBXContainerItemProxy section */

/* Begin PBXFileReference section */
		0891983B210800FD009159EA /* DouYuZB.app */ = {isa = PBXFileReference; explicitFileType = wrapper.application; includeInIndex = 0; path = DouYuZB.app; sourceTree = BUILT_PRODUCTS_DIR; };
		0891983E210800FD009159EA /* AppDelegate.swift */ = {isa = PBXFileReference; lastKnownFileType = sourcecode.swift; path = AppDelegate.swift; sourceTree = "<group>"; };
		08919840210800FD009159EA /* ViewController.swift */ = {isa = PBXFileReference; lastKnownFileType = sourcecode.swift; path = ViewController.swift; sourceTree = "<group>"; };
		08919843210800FE009159EA /* Base */ = {isa = PBXFileReference; lastKnownFileType = file.storyboard; name = Base; path = Base.lproj/Main.storyboard; sourceTree = "<group>"; };
		08919845210800FE009159EA /* Assets.xcassets */ = {isa = PBXFileReference; lastKnownFileType = folder.assetcatalog; path = Assets.xcassets; sourceTree = "<group>"; };
		08919848210800FE009159EA /* Base */ = {isa = PBXFileReference; lastKnownFileType = file.storyboard; name = Base; path = Base.lproj/LaunchScreen.storyboard; sourceTree = "<group>"; };
		0891984A210800FE009159EA /* Info.plist */ = {isa = PBXFileReference; lastKnownFileType = text.plist.xml; path = Info.plist; sourceTree = "<group>"; };
		0891984F210800FE009159EA /* DouYuZBTests.xctest */ = {isa = PBXFileReference; explicitFileType = wrapper.cfbundle; includeInIndex = 0; path = DouYuZBTests.xctest; sourceTree = BUILT_PRODUCTS_DIR; };
		08919853210800FE009159EA /* DouYuZBTests.swift */ = {isa = PBXFileReference; lastKnownFileType = sourcecode.swift; path = DouYuZBTests.swift; sourceTree = "<group>"; };
		08919855210800FE009159EA /* Info.plist */ = {isa = PBXFileReference; lastKnownFileType = text.plist.xml; path = Info.plist; sourceTree = "<group>"; };
		0891985A210800FE009159EA /* DouYuZBUITests.xctest */ = {isa = PBXFileReference; explicitFileType = wrapper.cfbundle; includeInIndex = 0; path = DouYuZBUITests.xctest; sourceTree = BUILT_PRODUCTS_DIR; };
		0891985E210800FE009159EA /* DouYuZBUITests.swift */ = {isa = PBXFileReference; lastKnownFileType = sourcecode.swift; path = DouYuZBUITests.swift; sourceTree = "<group>"; };
		08919860210800FE009159EA /* Info.plist */ = {isa = PBXFileReference; lastKnownFileType = text.plist.xml; path = Info.plist; sourceTree = "<group>"; };
/* End PBXFileReference section */

/* Begin PBXFrameworksBuildPhase section */
		08919838210800FD009159EA /* Frameworks */ = {
			isa = PBXFrameworksBuildPhase;
			buildActionMask = 2147483647;
			files = (
			);
			runOnlyForDeploymentPostprocessing = 0;
		};
		0891984C210800FE009159EA /* Frameworks */ = {
			isa = PBXFrameworksBuildPhase;
			buildActionMask = 2147483647;
			files = (
			);
			runOnlyForDeploymentPostprocessing = 0;
		};
		08919857210800FE009159EA /* Frameworks */ = {
			isa = PBXFrameworksBuildPhase;
			buildActionMask = 2147483647;
			files = (
			);
			runOnlyForDeploymentPostprocessing = 0;
		};
/* End PBXFrameworksBuildPhase section */

/* Begin PBXGroup section */
		08919832210800FD009159EA = {
			isa = PBXGroup;
			children = (
				0891983D210800FD009159EA /* DouYuZB */,
				08919852210800FE009159EA /* DouYuZBTests */,
				0891985D210800FE009159EA /* DouYuZBUITests */,
				0891983C210800FD009159EA /* Products */,
			);
			sourceTree = "<group>";
		};
		0891983C210800FD009159EA /* Products */ = {
			isa = PBXGroup;
			children = (
				0891983B210800FD009159EA /* DouYuZB.app */,
				0891984F210800FE009159EA /* DouYuZBTests.xctest */,
				0891985A210800FE009159EA /* DouYuZBUITests.xctest */,
			);
			name = Products;
			sourceTree = "<group>";
		};
		0891983D210800FD009159EA /* DouYuZB */ = {
			isa = PBXGroup;
			children = (
				0891986C2108071E009159EA /* Classes */,
				0891983E210800FD009159EA /* AppDelegate.swift */,
				08919840210800FD009159EA /* ViewController.swift */,
				08919842210800FE009159EA /* Main.storyboard */,
				08919845210800FE009159EA /* Assets.xcassets */,
				08919847210800FE009159EA /* LaunchScreen.storyboard */,
				0891984A210800FE009159EA /* Info.plist */,
			);
			path = DouYuZB;
			sourceTree = "<group>";
		};
		08919852210800FE009159EA /* DouYuZBTests */ = {
			isa = PBXGroup;
			children = (
				08919853210800FE009159EA /* DouYuZBTests.swift */,
				08919855210800FE009159EA /* Info.plist */,
			);
			path = DouYuZBTests;
			sourceTree = "<group>";
		};
		0891985D210800FE009159EA /* DouYuZBUITests */ = {
			isa = PBXGroup;
			children = (
				0891985E210800FE009159EA /* DouYuZBUITests.swift */,
				08919860210800FE009159EA /* Info.plist */,
			);
			path = DouYuZBUITests;
			sourceTree = "<group>";
		};
		0891986C2108071E009159EA /* Classes */ = {
			isa = PBXGroup;
			children = (
				0891986D2108071E009159EA /* Home */,
				0891986E2108071E009159EA /* Tools */,
				0891986F2108071E009159EA /* Follow */,
				089198702108071E009159EA /* Profile */,
				089198712108071E009159EA /* Live */,
				089198722108071E009159EA /* Main */,
			);
			path = Classes;
			sourceTree = "<group>";
		};
		0891986D2108071E009159EA /* Home */ = {
			isa = PBXGroup;
			children = (
			);
			path = Home;
			sourceTree = "<group>";
		};
		0891986E2108071E009159EA /* Tools */ = {
			isa = PBXGroup;
			children = (
			);
			path = Tools;
			sourceTree = "<group>";
		};
		0891986F2108071E009159EA /* Follow */ = {
			isa = PBXGroup;
			children = (
			);
			path = Follow;
			sourceTree = "<group>";
		};
		089198702108071E009159EA /* Profile */ = {
			isa = PBXGroup;
			children = (
			);
			path = Profile;
			sourceTree = "<group>";
		};
		089198712108071E009159EA /* Live */ = {
			isa = PBXGroup;
			children = (
			);
			path = Live;
			sourceTree = "<group>";
		};
		089198722108071E009159EA /* Main */ = {
			isa = PBXGroup;
			children = (
			);
			path = Main;
			sourceTree = "<group>";
		};
/* End PBXGroup section */

/* Begin PBXNativeTarget section */
		0891983A210800FD009159EA /* DouYuZB */ = {
			isa = PBXNativeTarget;
			buildConfigurationList = 08919863210800FE009159EA /* Build configuration list for PBXNativeTarget "DouYuZB" */;
			buildPhases = (
				08919837210800FD009159EA /* Sources */,
				08919838210800FD009159EA /* Frameworks */,
				08919839210800FD009159EA /* Resources */,
			);
			buildRules = (
			);
			dependencies = (
			);
			name = DouYuZB;
			productName = DouYuZB;
			productReference = 0891983B210800FD009159EA /* DouYuZB.app */;
			productType = "com.apple.product-type.application";
		};
		0891984E210800FE009159EA /* DouYuZBTests */ = {
			isa = PBXNativeTarget;
			buildConfigurationList = 08919866210800FE009159EA /* Build configuration list for PBXNativeTarget "DouYuZBTests" */;
			buildPhases = (
				0891984B210800FE009159EA /* Sources */,
				0891984C210800FE009159EA /* Frameworks */,
				0891984D210800FE009159EA /* Resources */,
			);
			buildRules = (
			);
			dependencies = (
				08919851210800FE009159EA /* PBXTargetDependency */,
			);
			name = DouYuZBTests;
			productName = DouYuZBTests;
			productReference = 0891984F210800FE009159EA /* DouYuZBTests.xctest */;
			productType = "com.apple.product-type.bundle.unit-test";
		};
		08919859210800FE009159EA /* DouYuZBUITests */ = {
			isa = PBXNativeTarget;
			buildConfigurationList = 08919869210800FE009159EA /* Build configuration list for PBXNativeTarget "DouYuZBUITests" */;
			buildPhases = (
				08919856210800FE009159EA /* Sources */,
				08919857210800FE009159EA /* Frameworks */,
				08919858210800FE009159EA /* Resources */,
			);
			buildRules = (
			);
			dependencies = (
				0891985C210800FE009159EA /* PBXTargetDependency */,
			);
			name = DouYuZBUITests;
			productName = DouYuZBUITests;
			productReference = 0891985A210800FE009159EA /* DouYuZBUITests.xctest */;
			productType = "com.apple.product-type.bundle.ui-testing";
		};
/* End PBXNativeTarget section */

/* Begin PBXProject section */
		08919833210800FD009159EA /* Project object */ = {
			isa = PBXProject;
			attributes = {
				LastSwiftUpdateCheck = 0920;
				LastUpgradeCheck = 0920;
				ORGANIZATIONNAME = "李笑逸";
				TargetAttributes = {
					0891983A210800FD009159EA = {
						CreatedOnToolsVersion = 9.2;
						ProvisioningStyle = Automatic;
					};
					0891984E210800FE009159EA = {
						CreatedOnToolsVersion = 9.2;
						ProvisioningStyle = Automatic;
						TestTargetID = 0891983A210800FD009159EA;
					};
					08919859210800FE009159EA = {
						CreatedOnToolsVersion = 9.2;
						ProvisioningStyle = Automatic;
						TestTargetID = 0891983A210800FD009159EA;
					};
				};
			};
			buildConfigurationList = 08919836210800FD009159EA /* Build configuration list for PBXProject "DouYuZB" */;
			compatibilityVersion = "Xcode 8.0";
			developmentRegion = en;
			hasScannedForEncodings = 0;
			knownRegions = (
				en,
				Base,
			);
			mainGroup = 08919832210800FD009159EA;
			productRefGroup = 0891983C210800FD009159EA /* Products */;
			projectDirPath = "";
			projectRoot = "";
			targets = (
				0891983A210800FD009159EA /* DouYuZB */,
				0891984E210800FE009159EA /* DouYuZBTests */,
				08919859210800FE009159EA /* DouYuZBUITests */,
			);
		};
/* End PBXProject section */

/* Begin PBXResourcesBuildPhase section */
		08919839210800FD009159EA /* Resources */ = {
			isa = PBXResourcesBuildPhase;
			buildActionMask = 2147483647;
			files = (
				08919849210800FE009159EA /* LaunchScreen.storyboard in Resources */,
				08919846210800FE009159EA /* Assets.xcassets in Resources */,
				08919844210800FE009159EA /* Main.storyboard in Resources */,
			);
			runOnlyForDeploymentPostprocessing = 0;
		};
		0891984D210800FE009159EA /* Resources */ = {
			isa = PBXResourcesBuildPhase;
			buildActionMask = 2147483647;
			files = (
			);
			runOnlyForDeploymentPostprocessing = 0;
		};
		08919858210800FE009159EA /* Resources */ = {
			isa = PBXResourcesBuildPhase;
			buildActionMask = 2147483647;
			files = (
			);
			runOnlyForDeploymentPostprocessing = 0;
		};
/* End PBXResourcesBuildPhase section */

/* Begin PBXSourcesBuildPhase section */
		08919837210800FD009159EA /* Sources */ = {
			isa = PBXSourcesBuildPhase;
			buildActionMask = 2147483647;
			files = (
				08919841210800FD009159EA /* ViewController.swift in Sources */,
				0891983F210800FD009159EA /* AppDelegate.swift in Sources */,
			);
			runOnlyForDeploymentPostprocessing = 0;
		};
		0891984B210800FE009159EA /* Sources */ = {
			isa = PBXSourcesBuildPhase;
			buildActionMask = 2147483647;
			files = (
				08919854210800FE009159EA /* DouYuZBTests.swift in Sources */,
			);
			runOnlyForDeploymentPostprocessing = 0;
		};
		08919856210800FE009159EA /* Sources */ = {
			isa = PBXSourcesBuildPhase;
			buildActionMask = 2147483647;
			files = (
				0891985F210800FE009159EA /* DouYuZBUITests.swift in Sources */,
			);
			runOnlyForDeploymentPostprocessing = 0;
		};
/* End PBXSourcesBuildPhase section */

/* Begin PBXTargetDependency section */
		08919851210800FE009159EA /* PBXTargetDependency */ = {
			isa = PBXTargetDependency;
			target = 0891983A210800FD009159EA /* DouYuZB */;
			targetProxy = 08919850210800FE009159EA /* PBXContainerItemProxy */;
		};
		0891985C210800FE009159EA /* PBXTargetDependency */ = {
			isa = PBXTargetDependency;
			target = 0891983A210800FD009159EA /* DouYuZB */;
			targetProxy = 0891985B210800FE009159EA /* PBXContainerItemProxy */;
		};
/* End PBXTargetDependency section */

/* Begin PBXVariantGroup section */
		08919842210800FE009159EA /* Main.storyboard */ = {
			isa = PBXVariantGroup;
			children = (
				08919843210800FE009159EA /* Base */,
			);
			name = Main.storyboard;
			sourceTree = "<group>";
		};
		08919847210800FE009159EA /* LaunchScreen.storyboard */ = {
			isa = PBXVariantGroup;
			children = (
				08919848210800FE009159EA /* Base */,
			);
			name = LaunchScreen.storyboard;
			sourceTree = "<group>";
		};
/* End PBXVariantGroup section */

/* Begin XCBuildConfiguration section */
		08919861210800FE009159EA /* Debug */ = {
			isa = XCBuildConfiguration;
			buildSettings = {
				ALWAYS_SEARCH_USER_PATHS = NO;
				CLANG_ANALYZER_NONNULL = YES;
				CLANG_ANALYZER_NUMBER_OBJECT_CONVERSION = YES_AGGRESSIVE;
				CLANG_CXX_LANGUAGE_STANDARD = "gnu++14";
				CLANG_CXX_LIBRARY = "libc++";
				CLANG_ENABLE_MODULES = YES;
				CLANG_ENABLE_OBJC_ARC = YES;
				CLANG_WARN_BLOCK_CAPTURE_AUTORELEASING = YES;
				CLANG_WARN_BOOL_CONVERSION = YES;
				CLANG_WARN_COMMA = YES;
				CLANG_WARN_CONSTANT_CONVERSION = YES;
				CLANG_WARN_DIRECT_OBJC_ISA_USAGE = YES_ERROR;
				CLANG_WARN_DOCUMENTATION_COMMENTS = YES;
				CLANG_WARN_EMPTY_BODY = YES;
				CLANG_WARN_ENUM_CONVERSION = YES;
				CLANG_WARN_INFINITE_RECURSION = YES;
				CLANG_WARN_INT_CONVERSION = YES;
				CLANG_WARN_NON_LITERAL_NULL_CONVERSION = YES;
				CLANG_WARN_OBJC_LITERAL_CONVERSION = YES;
				CLANG_WARN_OBJC_ROOT_CLASS = YES_ERROR;
				CLANG_WARN_RANGE_LOOP_ANALYSIS = YES;
				CLANG_WARN_STRICT_PROTOTYPES = YES;
				CLANG_WARN_SUSPICIOUS_MOVE = YES;
				CLANG_WARN_UNGUARDED_AVAILABILITY = YES_AGGRESSIVE;
				CLANG_WARN_UNREACHABLE_CODE = YES;
				CLANG_WARN__DUPLICATE_METHOD_MATCH = YES;
				CODE_SIGN_IDENTITY = "iPhone Developer";
				COPY_PHASE_STRIP = NO;
				DEBUG_INFORMATION_FORMAT = dwarf;
				ENABLE_STRICT_OBJC_MSGSEND = YES;
				ENABLE_TESTABILITY = YES;
				GCC_C_LANGUAGE_STANDARD = gnu11;
				GCC_DYNAMIC_NO_PIC = NO;
				GCC_NO_COMMON_BLOCKS = YES;
				GCC_OPTIMIZATION_LEVEL = 0;
				GCC_PREPROCESSOR_DEFINITIONS = (
					"DEBUG=1",
					"$(inherited)",
				);
				GCC_WARN_64_TO_32_BIT_CONVERSION = YES;
				GCC_WARN_ABOUT_RETURN_TYPE = YES_ERROR;
				GCC_WARN_UNDECLARED_SELECTOR = YES;
				GCC_WARN_UNINITIALIZED_AUTOS = YES_AGGRESSIVE;
				GCC_WARN_UNUSED_FUNCTION = YES;
				GCC_WARN_UNUSED_VARIABLE = YES;
				IPHONEOS_DEPLOYMENT_TARGET = 11.2;
				MTL_ENABLE_DEBUG_INFO = YES;
				ONLY_ACTIVE_ARCH = YES;
				SDKROOT = iphoneos;
				SWIFT_ACTIVE_COMPILATION_CONDITIONS = DEBUG;
				SWIFT_OPTIMIZATION_LEVEL = "-Onone";
			};
			name = Debug;
		};
		08919862210800FE009159EA /* Release */ = {
			isa = XCBuildConfiguration;
			buildSettings = {
				ALWAYS_SEARCH_USER_PATHS = NO;
				CLANG_ANALYZER_NONNULL = YES;
				CLANG_ANALYZER_NUMBER_OBJECT_CONVERSION = YES_AGGRESSIVE;
				CLANG_CXX_LANGUAGE_STANDARD = "gnu++14";
				CLANG_CXX_LIBRARY = "libc++";
				CLANG_ENABLE_MODULES = YES;
				CLANG_ENABLE_OBJC_ARC = YES;
				CLANG_WARN_BLOCK_CAPTURE_AUTORELEASING = YES;
				CLANG_WARN_BOOL_CONVERSION = YES;
				CLANG_WARN_COMMA = YES;
				CLANG_WARN_CONSTANT_CONVERSION = YES;
				CLANG_WARN_DIRECT_OBJC_ISA_USAGE = YES_ERROR;
				CLANG_WARN_DOCUMENTATION_COMMENTS = YES;
				CLANG_WARN_EMPTY_BODY = YES;
				CLANG_WARN_ENUM_CONVERSION = YES;
				CLANG_WARN_INFINITE_RECURSION = YES;
				CLANG_WARN_INT_CONVERSION = YES;
				CLANG_WARN_NON_LITERAL_NULL_CONVERSION = YES;
				CLANG_WARN_OBJC_LITERAL_CONVERSION = YES;
				CLANG_WARN_OBJC_ROOT_CLASS = YES_ERROR;
				CLANG_WARN_RANGE_LOOP_ANALYSIS = YES;
				CLANG_WARN_STRICT_PROTOTYPES = YES;
				CLANG_WARN_SUSPICIOUS_MOVE = YES;
				CLANG_WARN_UNGUARDED_AVAILABILITY = YES_AGGRESSIVE;
				CLANG_WARN_UNREACHABLE_CODE = YES;
				CLANG_WARN__DUPLICATE_METHOD_MATCH = YES;
				CODE_SIGN_IDENTITY = "iPhone Developer";
				COPY_PHASE_STRIP = NO;
				DEBUG_INFORMATION_FORMAT = "dwarf-with-dsym";
				ENABLE_NS_ASSERTIONS = NO;
				ENABLE_STRICT_OBJC_MSGSEND = YES;
				GCC_C_LANGUAGE_STANDARD = gnu11;
				GCC_NO_COMMON_BLOCKS = YES;
				GCC_WARN_64_TO_32_BIT_CONVERSION = YES;
				GCC_WARN_ABOUT_RETURN_TYPE = YES_ERROR;
				GCC_WARN_UNDECLARED_SELECTOR = YES;
				GCC_WARN_UNINITIALIZED_AUTOS = YES_AGGRESSIVE;
				GCC_WARN_UNUSED_FUNCTION = YES;
				GCC_WARN_UNUSED_VARIABLE = YES;
				IPHONEOS_DEPLOYMENT_TARGET = 11.2;
				MTL_ENABLE_DEBUG_INFO = NO;
				SDKROOT = iphoneos;
				SWIFT_OPTIMIZATION_LEVEL = "-Owholemodule";
				VALIDATE_PRODUCT = YES;
			};
			name = Release;
		};
		08919864210800FE009159EA /* Debug */ = {
			isa = XCBuildConfiguration;
			buildSettings = {
				ASSETCATALOG_COMPILER_APPICON_NAME = AppIcon;
				ASSETCATALOG_COMPILER_LAUNCHIMAGE_NAME = LaunchImage;
				CODE_SIGN_STYLE = Automatic;
				INFOPLIST_FILE = DouYuZB/Info.plist;
				IPHONEOS_DEPLOYMENT_TARGET = 9.0;
				LD_RUNPATH_SEARCH_PATHS = "$(inherited) @executable_path/Frameworks";
				PRODUCT_BUNDLE_IDENTIFIER = com.shentian.FirstProgram.DouYuZB;
				PRODUCT_NAME = "$(TARGET_NAME)";
				SWIFT_VERSION = 4.0;
				TARGETED_DEVICE_FAMILY = 1;
			};
			name = Debug;
		};
		08919865210800FE009159EA /* Release */ = {
			isa = XCBuildConfiguration;
			buildSettings = {
				ASSETCATALOG_COMPILER_APPICON_NAME = AppIcon;
				ASSETCATALOG_COMPILER_LAUNCHIMAGE_NAME = LaunchImage;
				CODE_SIGN_STYLE = Automatic;
				INFOPLIST_FILE = DouYuZB/Info.plist;
				IPHONEOS_DEPLOYMENT_TARGET = 9.0;
				LD_RUNPATH_SEARCH_PATHS = "$(inherited) @executable_path/Frameworks";
				PRODUCT_BUNDLE_IDENTIFIER = com.shentian.FirstProgram.DouYuZB;
				PRODUCT_NAME = "$(TARGET_NAME)";
				SWIFT_VERSION = 4.0;
				TARGETED_DEVICE_FAMILY = 1;
			};
			name = Release;
		};
		08919867210800FE009159EA /* Debug */ = {
			isa = XCBuildConfiguration;
			buildSettings = {
				ALWAYS_EMBED_SWIFT_STANDARD_LIBRARIES = YES;
				BUNDLE_LOADER = "$(TEST_HOST)";
				CODE_SIGN_STYLE = Automatic;
				INFOPLIST_FILE = DouYuZBTests/Info.plist;
				LD_RUNPATH_SEARCH_PATHS = "$(inherited) @executable_path/Frameworks @loader_path/Frameworks";
				PRODUCT_BUNDLE_IDENTIFIER = com.shentian.FirstProgram.DouYuZBTests;
				PRODUCT_NAME = "$(TARGET_NAME)";
				SWIFT_VERSION = 4.0;
				TARGETED_DEVICE_FAMILY = "1,2";
				TEST_HOST = "$(BUILT_PRODUCTS_DIR)/DouYuZB.app/DouYuZB";
			};
			name = Debug;
		};
		08919868210800FE009159EA /* Release */ = {
			isa = XCBuildConfiguration;
			buildSettings = {
				ALWAYS_EMBED_SWIFT_STANDARD_LIBRARIES = YES;
				BUNDLE_LOADER = "$(TEST_HOST)";
				CODE_SIGN_STYLE = Automatic;
				INFOPLIST_FILE = DouYuZBTests/Info.plist;
				LD_RUNPATH_SEARCH_PATHS = "$(inherited) @executable_path/Frameworks @loader_path/Frameworks";
				PRODUCT_BUNDLE_IDENTIFIER = com.shentian.FirstProgram.DouYuZBTests;
				PRODUCT_NAME = "$(TARGET_NAME)";
				SWIFT_VERSION = 4.0;
				TARGETED_DEVICE_FAMILY = "1,2";
				TEST_HOST = "$(BUILT_PRODUCTS_DIR)/DouYuZB.app/DouYuZB";
			};
			name = Release;
		};
		0891986A210800FE009159EA /* Debug */ = {
			isa = XCBuildConfiguration;
			buildSettings = {
				ALWAYS_EMBED_SWIFT_STANDARD_LIBRARIES = YES;
				CODE_SIGN_STYLE = Automatic;
				INFOPLIST_FILE = DouYuZBUITests/Info.plist;
				LD_RUNPATH_SEARCH_PATHS = "$(inherited) @executable_path/Frameworks @loader_path/Frameworks";
				PRODUCT_BUNDLE_IDENTIFIER = com.shentian.FirstProgram.DouYuZBUITests;
				PRODUCT_NAME = "$(TARGET_NAME)";
				SWIFT_VERSION = 4.0;
				TARGETED_DEVICE_FAMILY = "1,2";
				TEST_TARGET_NAME = DouYuZB;
			};
			name = Debug;
		};
		0891986B210800FE009159EA /* Release */ = {
			isa = XCBuildConfiguration;
			buildSettings = {
				ALWAYS_EMBED_SWIFT_STANDARD_LIBRARIES = YES;
				CODE_SIGN_STYLE = Automatic;
				INFOPLIST_FILE = DouYuZBUITests/Info.plist;
				LD_RUNPATH_SEARCH_PATHS = "$(inherited) @executable_path/Frameworks @loader_path/Frameworks";
				PRODUCT_BUNDLE_IDENTIFIER = com.shentian.FirstProgram.DouYuZBUITests;
				PRODUCT_NAME = "$(TARGET_NAME)";
				SWIFT_VERSION = 4.0;
				TARGETED_DEVICE_FAMILY = "1,2";
				TEST_TARGET_NAME = DouYuZB;
			};
			name = Release;
		};
/* End XCBuildConfiguration section */

/* Begin XCConfigurationList section */
		08919836210800FD009159EA /* Build configuration list for PBXProject "DouYuZB" */ = {
			isa = XCConfigurationList;
			buildConfigurations = (
				08919861210800FE009159EA /* Debug */,
				08919862210800FE009159EA /* Release */,
			);
			defaultConfigurationIsVisible = 0;
			defaultConfigurationName = Release;
		};
		08919863210800FE009159EA /* Build configuration list for PBXNativeTarget "DouYuZB" */ = {
			isa = XCConfigurationList;
			buildConfigurations = (
				08919864210800FE009159EA /* Debug */,
				08919865210800FE009159EA /* Release */,
			);
			defaultConfigurationIsVisible = 0;
			defaultConfigurationName = Release;
		};
		08919866210800FE009159EA /* Build configuration list for PBXNativeTarget "DouYuZBTests" */ = {
			isa = XCConfigurationList;
			buildConfigurations = (
				08919867210800FE009159EA /* Debug */,
				08919868210800FE009159EA /* Release */,
			);
			defaultConfigurationIsVisible = 0;
			defaultConfigurationName = Release;
		};
		08919869210800FE009159EA /* Build configuration list for PBXNativeTarget "DouYuZBUITests" */ = {
			isa = XCConfigurationList;
			buildConfigurations = (
				0891986A210800FE009159EA /* Debug */,
				0891986B210800FE009159EA /* Release */,
			);
			defaultConfigurationIsVisible = 0;
			defaultConfigurationName = Release;
		};
/* End XCConfigurationList section */
	};
	rootObject = 08919833210800FD009159EA /* Project object */;
}
